
Microsoft Visual Studio Solution File, Format Version 12.00
# Visual Studio Version 17
VisualStudioVersion = 17.11.35219.272
MinimumVisualStudioVersion = 10.0.40219.1
Project("{2150E333-8FDC-42A3-9474-1A3956D46DE8}") = "src", "src", "{78D014C3-2CE1-4986-8839-565C25A0D15C}"
EndProject
Project("{2150E333-8FDC-42A3-9474-1A3956D46DE8}") = "0.Framework", "0.Framework", "{ED7129C6-F4E5-419D-BE6E-DAB2C331502F}"
EndProject
Project("{2150E333-8FDC-42A3-9474-1A3956D46DE8}") = "1.Domain", "1.Domain", "{A05DBF5B-9D37-48D5-B7AA-C7D1BC094F8B}"
EndProject
Project("{2150E333-8FDC-42A3-9474-1A3956D46DE8}") = "2.Infrastructure", "2.Infrastructure", "{04056893-DF89-480A-BD47-19B48023F4A5}"
EndProject
Project("{2150E333-8FDC-42A3-9474-1A3956D46DE8}") = "3.Endpoint", "3.Endpoint", "{9B818F98-C3AF-43C5-B291-6A7B8EDF8F3B}"
EndProject
Project("{2150E333-8FDC-42A3-9474-1A3956D46DE8}") = "Core", "Core", "{E2502CD1-8B16-4213-9869-D8444648094B}"
EndProject
Project("{2150E333-8FDC-42A3-9474-1A3956D46DE8}") = "Services", "Services", "{A2C1BC48-0888-4CF3-80EA-4419204DF5E7}"
EndProject
Project("{9A19103F-16F7-4668-BE54-9A1E7A4F7556}") = "Bank.Domain.Core", "Bank.Domain.Core\Bank.Domain.Core.csproj", "{4E614576-D654-4EA7-A61D-A0BE86B87E81}"
EndProject
Project("{9A19103F-16F7-4668-BE54-9A1E7A4F7556}") = "Bank.Services.Services", "Bank.Services.Services\Bank.Services.Services.csproj", "{FE970C48-8459-40E5-85D3-AB30E1D81B82}"
EndProject
Project("{9A19103F-16F7-4668-BE54-9A1E7A4F7556}") = "Bank.Services.AppServices", "Bank.Services.AppServices\Bank.Services.AppServices.csproj", "{25010DC8-A8AB-4E7E-8CD7-917ED96AF247}"
EndProject
Project("{9A19103F-16F7-4668-BE54-9A1E7A4F7556}") = "Bank.Infrastructure.EFCore", "Bank.Infrastructure.EFCore\Bank.Infrastructure.EFCore.csproj", "{475580D1-3EA1-4111-8720-2E5CE91228CB}"
EndProject
Project("{9A19103F-16F7-4668-BE54-9A1E7A4F7556}") = "Bank.Infrastructure.File", "Bank.Infrastructure.File\Bank.Infrastructure.File.csproj", "{E65DFF63-E353-4F07-A5A1-B8C21A58DCAF}"
EndProject
Project("{9A19103F-16F7-4668-BE54-9A1E7A4F7556}") = "Bank.Endpoint.MVCCC", "Bank.Endpoint.MVCCC\Bank.Endpoint.MVCCC.csproj", "{F9A1CEE7-65E4-413F-BD24-43653F427EBA}"
EndProject
Global
	GlobalSection(SolutionConfigurationPlatforms) = preSolution
		Debug|Any CPU = Debug|Any CPU
		Release|Any CPU = Release|Any CPU
	EndGlobalSection
	GlobalSection(ProjectConfigurationPlatforms) = postSolution
		{4E614576-D654-4EA7-A61D-A0BE86B87E81}.Debug|Any CPU.ActiveCfg = Debug|Any CPU
		{4E614576-D654-4EA7-A61D-A0BE86B87E81}.Debug|Any CPU.Build.0 = Debug|Any CPU
		{4E614576-D654-4EA7-A61D-A0BE86B87E81}.Release|Any CPU.ActiveCfg = Release|Any CPU
		{4E614576-D654-4EA7-A61D-A0BE86B87E81}.Release|Any CPU.Build.0 = Release|Any CPU
		{FE970C48-8459-40E5-85D3-AB30E1D81B82}.Debug|Any CPU.ActiveCfg = Debug|Any CPU
		{FE970C48-8459-40E5-85D3-AB30E1D81B82}.Debug|Any CPU.Build.0 = Debug|Any CPU
		{FE970C48-8459-40E5-85D3-AB30E1D81B82}.Release|Any CPU.ActiveCfg = Release|Any CPU
		{FE970C48-8459-40E5-85D3-AB30E1D81B82}.Release|Any CPU.Build.0 = Release|Any CPU
		{25010DC8-A8AB-4E7E-8CD7-917ED96AF247}.Debug|Any CPU.ActiveCfg = Debug|Any CPU
		{25010DC8-A8AB-4E7E-8CD7-917ED96AF247}.Debug|Any CPU.Build.0 = Debug|Any CPU
		{25010DC8-A8AB-4E7E-8CD7-917ED96AF247}.Release|Any CPU.ActiveCfg = Release|Any CPU
		{25010DC8-A8AB-4E7E-8CD7-917ED96AF247}.Release|Any CPU.Build.0 = Release|Any CPU
		{475580D1-3EA1-4111-8720-2E5CE91228CB}.Debug|Any CPU.ActiveCfg = Debug|Any CPU
		{475580D1-3EA1-4111-8720-2E5CE91228CB}.Debug|Any CPU.Build.0 = Debug|Any CPU
		{475580D1-3EA1-4111-8720-2E5CE91228CB}.Release|Any CPU.ActiveCfg = Release|Any CPU
		{475580D1-3EA1-4111-8720-2E5CE91228CB}.Release|Any CPU.Build.0 = Release|Any CPU
		{E65DFF63-E353-4F07-A5A1-B8C21A58DCAF}.Debug|Any CPU.ActiveCfg = Debug|Any CPU
		{E65DFF63-E353-4F07-A5A1-B8C21A58DCAF}.Debug|Any CPU.Build.0 = Debug|Any CPU
		{E65DFF63-E353-4F07-A5A1-B8C21A58DCAF}.Release|Any CPU.ActiveCfg = Release|Any CPU
		{E65DFF63-E353-4F07-A5A1-B8C21A58DCAF}.Release|Any CPU.Build.0 = Release|Any CPU
		{F9A1CEE7-65E4-413F-BD24-43653F427EBA}.Debug|Any CPU.ActiveCfg = Debug|Any CPU
		{F9A1CEE7-65E4-413F-BD24-43653F427EBA}.Debug|Any CPU.Build.0 = Debug|Any CPU
		{F9A1CEE7-65E4-413F-BD24-43653F427EBA}.Release|Any CPU.ActiveCfg = Release|Any CPU
		{F9A1CEE7-65E4-413F-BD24-43653F427EBA}.Release|Any CPU.Build.0 = Release|Any CPU
	EndGlobalSection
	GlobalSection(SolutionProperties) = preSolution
		HideSolutionNode = FALSE
	EndGlobalSection
	GlobalSection(NestedProjects) = preSolution
		{ED7129C6-F4E5-419D-BE6E-DAB2C331502F} = {78D014C3-2CE1-4986-8839-565C25A0D15C}
		{A05DBF5B-9D37-48D5-B7AA-C7D1BC094F8B} = {78D014C3-2CE1-4986-8839-565C25A0D15C}
		{04056893-DF89-480A-BD47-19B48023F4A5} = {78D014C3-2CE1-4986-8839-565C25A0D15C}
		{9B818F98-C3AF-43C5-B291-6A7B8EDF8F3B} = {78D014C3-2CE1-4986-8839-565C25A0D15C}
		{E2502CD1-8B16-4213-9869-D8444648094B} = {A05DBF5B-9D37-48D5-B7AA-C7D1BC094F8B}
		{A2C1BC48-0888-4CF3-80EA-4419204DF5E7} = {A05DBF5B-9D37-48D5-B7AA-C7D1BC094F8B}
		{4E614576-D654-4EA7-A61D-A0BE86B87E81} = {E2502CD1-8B16-4213-9869-D8444648094B}
		{FE970C48-8459-40E5-85D3-AB30E1D81B82} = {A2C1BC48-0888-4CF3-80EA-4419204DF5E7}
		{25010DC8-A8AB-4E7E-8CD7-917ED96AF247} = {A2C1BC48-0888-4CF3-80EA-4419204DF5E7}
		{475580D1-3EA1-4111-8720-2E5CE91228CB} = {04056893-DF89-480A-BD47-19B48023F4A5}
		{E65DFF63-E353-4F07-A5A1-B8C21A58DCAF} = {04056893-DF89-480A-BD47-19B48023F4A5}
		{F9A1CEE7-65E4-413F-BD24-43653F427EBA} = {9B818F98-C3AF-43C5-B291-6A7B8EDF8F3B}
	EndGlobalSection
	GlobalSection(ExtensibilityGlobals) = postSolution
		SolutionGuid = {88D8D25C-CF62-48C8-9258-ED6D06EBD3AE}
	EndGlobalSection
EndGlobal
